
Microsoft Visual Studio Solution File, Format Version 12.00
# Visual Studio 15
VisualStudioVersion = 15.0.27703.2035
MinimumVisualStudioVersion = 10.0.40219.1
Project("{FAE04EC0-301F-11D3-BF4B-00C04F79EFBC}") = "FleckWebsocketRecorder", "FleckWebsocketRecorder\FleckWebsocketRecorder.csproj", "{AEC76F2C-68EF-4CBD-8CC2-A8F9331DC29B}"
EndProject
Global
	GlobalSection(SolutionConfigurationPlatforms) = preSolution
		Debug|Any CPU = Debug|Any CPU
		Release|Any CPU = Release|Any CPU
	EndGlobalSection
	GlobalSection(ProjectConfigurationPlatforms) = postSolution
		{AEC76F2C-68EF-4CBD-8CC2-A8F9331DC29B}.Debug|Any CPU.ActiveCfg = Debug|Any CPU
		{AEC76F2C-68EF-4CBD-8CC2-A8F9331DC29B}.Debug|Any CPU.Build.0 = Debug|Any CPU
		{AEC76F2C-68EF-4CBD-8CC2-A8F9331DC29B}.Release|Any CPU.ActiveCfg = Release|Any CPU
		{AEC76F2C-68EF-4CBD-8CC2-A8F9331DC29B}.Release|Any CPU.Build.0 = Release|Any CPU
	EndGlobalSection
	GlobalSection(SolutionProperties) = preSolution
		HideSolutionNode = FALSE
	EndGlobalSection
	GlobalSection(ExtensibilityGlobals) = postSolution
		SolutionGuid = {C175879F-CB58-4C39-9333-990241B55CC1}
	EndGlobalSection
EndGlobal
